
Microsoft Visual Studio Solution File, Format Version 12.00
# Visual Studio Version 17
VisualStudioVersion = 17.14.36119.2
MinimumVisualStudioVersion = 10.0.40219.1
Project("{FAE04EC0-301F-11D3-BF4B-00C04F79EFBC}") = "Yape.Library.IamValidation", "src\Yape.Library.IamValidation\Yape.Library.IamValidation.csproj", "{1692A23C-45BB-4ECE-81C4-BE56EFD4E233}"
EndProject
Project("{FAE04EC0-301F-11D3-BF4B-00C04F79EFBC}") = "EjemploDeUso.IamValidation", "src\EjemploDeUso.IamValidation\EjemploDeUso.IamValidation.csproj", "{EEC13FC9-2714-4204-8836-F3FEBEED929F}"
EndProject
Global
	GlobalSection(SolutionConfigurationPlatforms) = preSolution
		Debug|Any CPU = Debug|Any CPU
		Release|Any CPU = Release|Any CPU
	EndGlobalSection
	GlobalSection(ProjectConfigurationPlatforms) = postSolution
		{1692A23C-45BB-4ECE-81C4-BE56EFD4E233}.Debug|Any CPU.ActiveCfg = Debug|Any CPU
		{1692A23C-45BB-4ECE-81C4-BE56EFD4E233}.Debug|Any CPU.Build.0 = Debug|Any CPU
		{1692A23C-45BB-4ECE-81C4-BE56EFD4E233}.Release|Any CPU.ActiveCfg = Release|Any CPU
		{1692A23C-45BB-4ECE-81C4-BE56EFD4E233}.Release|Any CPU.Build.0 = Release|Any CPU
		{EEC13FC9-2714-4204-8836-F3FEBEED929F}.Debug|Any CPU.ActiveCfg = Debug|Any CPU
		{EEC13FC9-2714-4204-8836-F3FEBEED929F}.Debug|Any CPU.Build.0 = Debug|Any CPU
		{EEC13FC9-2714-4204-8836-F3FEBEED929F}.Release|Any CPU.ActiveCfg = Release|Any CPU
		{EEC13FC9-2714-4204-8836-F3FEBEED929F}.Release|Any CPU.Build.0 = Release|Any CPU
	EndGlobalSection
	GlobalSection(SolutionProperties) = preSolution
		HideSolutionNode = FALSE
	EndGlobalSection
	GlobalSection(ExtensibilityGlobals) = postSolution
		SolutionGuid = {82D8BFC8-96AC-4501-B330-756E769C705C}
	EndGlobalSection
EndGlobal
